// !$*UTF8*$!
{
	archiveVersion = 1;
	classes = {
	};
	objectVersion = 46;
	objects = {

/* Begin PBXBuildFile section */
		7994175D17CC4042005CAD22 /* UIKit.framework in Frameworks */ = {isa = PBXBuildFile; fileRef = 7994175C17CC4042005CAD22 /* UIKit.framework */; };
		7994175F17CC4042005CAD22 /* Foundation.framework in Frameworks */ = {isa = PBXBuildFile; fileRef = 7994175E17CC4042005CAD22 /* Foundation.framework */; };
		7994176117CC4042005CAD22 /* CoreGraphics.framework in Frameworks */ = {isa = PBXBuildFile; fileRef = 7994176017CC4042005CAD22 /* CoreGraphics.framework */; };
		7994176717CC4042005CAD22 /* InfoPlist.strings in Resources */ = {isa = PBXBuildFile; fileRef = 7994176517CC4042005CAD22 /* InfoPlist.strings */; };
		7994176917CC4042005CAD22 /* main.m in Sources */ = {isa = PBXBuildFile; fileRef = 7994176817CC4042005CAD22 /* main.m */; };
		7994176D17CC4042005CAD22 /* FWAppDelegate.m in Sources */ = {isa = PBXBuildFile; fileRef = 7994176C17CC4042005CAD22 /* FWAppDelegate.m */; };
		7994176F17CC4042005CAD22 /* Default.png in Resources */ = {isa = PBXBuildFile; fileRef = 7994176E17CC4042005CAD22 /* Default.png */; };
		7994177117CC4042005CAD22 /* Default@2x.png in Resources */ = {isa = PBXBuildFile; fileRef = 7994177017CC4042005CAD22 /* Default@2x.png */; };
		7994177317CC4042005CAD22 /* Default-568h@2x.png in Resources */ = {isa = PBXBuildFile; fileRef = 7994177217CC4042005CAD22 /* Default-568h@2x.png */; };
		7994177D17CC413C005CAD22 /* FWWebViewController.m in Sources */ = {isa = PBXBuildFile; fileRef = 7994177C17CC413B005CAD22 /* FWWebViewController.m */; };
		7994177F17CC452D005CAD22 /* MainStoryboard.storyboard in Resources */ = {isa = PBXBuildFile; fileRef = 7994177E17CC452D005CAD22 /* MainStoryboard.storyboard */; };
/* End PBXBuildFile section */

/* Begin PBXFileReference section */
		7994175917CC4042005CAD22 /* FullScreenWebView.app */ = {isa = PBXFileReference; explicitFileType = wrapper.application; includeInIndex = 0; path = FullScreenWebView.app; sourceTree = BUILT_PRODUCTS_DIR; };
		7994175C17CC4042005CAD22 /* UIKit.framework */ = {isa = PBXFileReference; lastKnownFileType = wrapper.framework; name = UIKit.framework; path = System/Library/Frameworks/UIKit.framework; sourceTree = SDKROOT; };
		7994175E17CC4042005CAD22 /* Foundation.framework */ = {isa = PBXFileReference; lastKnownFileType = wrapper.framework; name = Foundation.framework; path = System/Library/Frameworks/Foundation.framework; sourceTree = SDKROOT; };
		7994176017CC4042005CAD22 /* CoreGraphics.framework */ = {isa = PBXFileReference; lastKnownFileType = wrapper.framework; name = CoreGraphics.framework; path = System/Library/Frameworks/CoreGraphics.framework; sourceTree = SDKROOT; };
		7994176417CC4042005CAD22 /* FullScreenWebView-Info.plist */ = {isa = PBXFileReference; lastKnownFileType = text.plist.xml; path = "FullScreenWebView-Info.plist"; sourceTree = "<group>"; };
		7994176617CC4042005CAD22 /* en */ = {isa = PBXFileReference; lastKnownFileType = text.plist.strings; name = en; path = en.lproj/InfoPlist.strings; sourceTree = "<group>"; };
		7994176817CC4042005CAD22 /* main.m */ = {isa = PBXFileReference; lastKnownFileType = sourcecode.c.objc; path = main.m; sourceTree = "<group>"; };
		7994176A17CC4042005CAD22 /* FullScreenWebView-Prefix.pch */ = {isa = PBXFileReference; lastKnownFileType = sourcecode.c.h; path = "FullScreenWebView-Prefix.pch"; sourceTree = "<group>"; };
		7994176B17CC4042005CAD22 /* FWAppDelegate.h */ = {isa = PBXFileReference; lastKnownFileType = sourcecode.c.h; path = FWAppDelegate.h; sourceTree = "<group>"; };
		7994176C17CC4042005CAD22 /* FWAppDelegate.m */ = {isa = PBXFileReference; lastKnownFileType = sourcecode.c.objc; path = FWAppDelegate.m; sourceTree = "<group>"; };
		7994176E17CC4042005CAD22 /* Default.png */ = {isa = PBXFileReference; lastKnownFileType = image.png; path = Default.png; sourceTree = "<group>"; };
		7994177017CC4042005CAD22 /* Default@2x.png */ = {isa = PBXFileReference; lastKnownFileType = image.png; path = "Default@2x.png"; sourceTree = "<group>"; };
		7994177217CC4042005CAD22 /* Default-568h@2x.png */ = {isa = PBXFileReference; lastKnownFileType = image.png; path = "Default-568h@2x.png"; sourceTree = "<group>"; };
		7994177B17CC413B005CAD22 /* FWWebViewController.h */ = {isa = PBXFileReference; fileEncoding = 4; lastKnownFileType = sourcecode.c.h; path = FWWebViewController.h; sourceTree = "<group>"; };
		7994177C17CC413B005CAD22 /* FWWebViewController.m */ = {isa = PBXFileReference; fileEncoding = 4; lastKnownFileType = sourcecode.c.objc; path = FWWebViewController.m; sourceTree = "<group>"; };
		7994177E17CC452D005CAD22 /* MainStoryboard.storyboard */ = {isa = PBXFileReference; fileEncoding = 4; lastKnownFileType = file.storyboard; path = MainStoryboard.storyboard; sourceTree = "<group>"; };
/* End PBXFileReference section */

/* Begin PBXFrameworksBuildPhase section */
		7994175617CC4042005CAD22 /* Frameworks */ = {
			isa = PBXFrameworksBuildPhase;
			buildActionMask = 2147483647;
			files = (
				7994175D17CC4042005CAD22 /* UIKit.framework in Frameworks */,
				7994175F17CC4042005CAD22 /* Foundation.framework in Frameworks */,
				7994176117CC4042005CAD22 /* CoreGraphics.framework in Frameworks */,
			);
			runOnlyForDeploymentPostprocessing = 0;
		};
/* End PBXFrameworksBuildPhase section */

/* Begin PBXGroup section */
		7994175017CC4042005CAD22 = {
			isa = PBXGroup;
			children = (
				7994176217CC4042005CAD22 /* FullScreenWebView */,
				7994175B17CC4042005CAD22 /* Frameworks */,
				7994175A17CC4042005CAD22 /* Products */,
			);
			sourceTree = "<group>";
		};
		7994175A17CC4042005CAD22 /* Products */ = {
			isa = PBXGroup;
			children = (
				7994175917CC4042005CAD22 /* FullScreenWebView.app */,
			);
			name = Products;
			sourceTree = "<group>";
		};
		7994175B17CC4042005CAD22 /* Frameworks */ = {
			isa = PBXGroup;
			children = (
				7994175C17CC4042005CAD22 /* UIKit.framework */,
				7994175E17CC4042005CAD22 /* Foundation.framework */,
				7994176017CC4042005CAD22 /* CoreGraphics.framework */,
			);
			name = Frameworks;
			sourceTree = "<group>";
		};
		7994176217CC4042005CAD22 /* FullScreenWebView */ = {
			isa = PBXGroup;
			children = (
				7994177B17CC413B005CAD22 /* FWWebViewController.h */,
				7994177C17CC413B005CAD22 /* FWWebViewController.m */,
				7994176B17CC4042005CAD22 /* FWAppDelegate.h */,
				7994176C17CC4042005CAD22 /* FWAppDelegate.m */,
				7994176317CC4042005CAD22 /* Supporting Files */,
				7994177E17CC452D005CAD22 /* MainStoryboard.storyboard */,
			);
			path = FullScreenWebView;
			sourceTree = "<group>";
		};
		7994176317CC4042005CAD22 /* Supporting Files */ = {
			isa = PBXGroup;
			children = (
				7994176417CC4042005CAD22 /* FullScreenWebView-Info.plist */,
				7994176517CC4042005CAD22 /* InfoPlist.strings */,
				7994176817CC4042005CAD22 /* main.m */,
				7994176A17CC4042005CAD22 /* FullScreenWebView-Prefix.pch */,
				7994176E17CC4042005CAD22 /* Default.png */,
				7994177017CC4042005CAD22 /* Default@2x.png */,
				7994177217CC4042005CAD22 /* Default-568h@2x.png */,
			);
			name = "Supporting Files";
			sourceTree = "<group>";
		};
/* End PBXGroup section */

/* Begin PBXNativeTarget section */
		7994175817CC4042005CAD22 /* FullScreenWebView */ = {
			isa = PBXNativeTarget;
			buildConfigurationList = 7994177617CC4042005CAD22 /* Build configuration list for PBXNativeTarget "FullScreenWebView" */;
			buildPhases = (
				7994175517CC4042005CAD22 /* Sources */,
				7994175617CC4042005CAD22 /* Frameworks */,
				7994175717CC4042005CAD22 /* Resources */,
			);
			buildRules = (
			);
			dependencies = (
			);
			name = FullScreenWebView;
			productName = FullScreenWebView;
			productReference = 7994175917CC4042005CAD22 /* FullScreenWebView.app */;
			productType = "com.apple.product-type.application";
		};
/* End PBXNativeTarget section */

/* Begin PBXProject section */
		7994175117CC4042005CAD22 /* Project object */ = {
			isa = PBXProject;
			attributes = {
				CLASSPREFIX = FW;
				LastUpgradeCheck = 0460;
				ORGANIZATIONNAME = tradehero;
			};
			buildConfigurationList = 7994175417CC4042005CAD22 /* Build configuration list for PBXProject "FullScreenWebView" */;
			compatibilityVersion = "Xcode 3.2";
			developmentRegion = English;
			hasScannedForEncodings = 0;
			knownRegions = (
				en,
			);
			mainGroup = 7994175017CC4042005CAD22;
			productRefGroup = 7994175A17CC4042005CAD22 /* Products */;
			projectDirPath = "";
			projectRoot = "";
			targets = (
				7994175817CC4042005CAD22 /* FullScreenWebView */,
			);
		};
/* End PBXProject section */

/* Begin PBXResourcesBuildPhase section */
		7994175717CC4042005CAD22 /* Resources */ = {
			isa = PBXResourcesBuildPhase;
			buildActionMask = 2147483647;
			files = (
				7994176717CC4042005CAD22 /* InfoPlist.strings in Resources */,
				7994176F17CC4042005CAD22 /* Default.png in Resources */,
				7994177117CC4042005CAD22 /* Default@2x.png in Resources */,
				7994177317CC4042005CAD22 /* Default-568h@2x.png in Resources */,
				7994177F17CC452D005CAD22 /* MainStoryboard.storyboard in Resources */,
			);
			runOnlyForDeploymentPostprocessing = 0;
		};
/* End PBXResourcesBuildPhase section */

/* Begin PBXSourcesBuildPhase section */
		7994175517CC4042005CAD22 /* Sources */ = {
			isa = PBXSourcesBuildPhase;
			buildActionMask = 2147483647;
			files = (
				7994176917CC4042005CAD22 /* main.m in Sources */,
				7994176D17CC4042005CAD22 /* FWAppDelegate.m in Sources */,
				7994177D17CC413C005CAD22 /* FWWebViewController.m in Sources */,
			);
			runOnlyForDeploymentPostprocessing = 0;
		};
/* End PBXSourcesBuildPhase section */

/* Begin PBXVariantGroup section */
		7994176517CC4042005CAD22 /* InfoPlist.strings */ = {
			isa = PBXVariantGroup;
			children = (
				7994176617CC4042005CAD22 /* en */,
			);
			name = InfoPlist.strings;
			sourceTree = "<group>";
		};
/* End PBXVariantGroup section */

/* Begin XCBuildConfiguration section */
		7994177417CC4042005CAD22 /* Debug */ = {
			isa = XCBuildConfiguration;
			buildSettings = {
				ALWAYS_SEARCH_USER_PATHS = NO;
				CLANG_CXX_LANGUAGE_STANDARD = "gnu++0x";
				CLANG_CXX_LIBRARY = "libc++";
				CLANG_ENABLE_OBJC_ARC = YES;
				CLANG_WARN_CONSTANT_CONVERSION = YES;
				CLANG_WARN_EMPTY_BODY = YES;
				CLANG_WARN_ENUM_CONVERSION = YES;
				CLANG_WARN_INT_CONVERSION = YES;
				CLANG_WARN__DUPLICATE_METHOD_MATCH = YES;
				"CODE_SIGN_IDENTITY[sdk=iphoneos*]" = "iPhone Developer";
				COPY_PHASE_STRIP = NO;
				GCC_C_LANGUAGE_STANDARD = gnu99;
				GCC_DYNAMIC_NO_PIC = NO;
				GCC_OPTIMIZATION_LEVEL = 0;
				GCC_PREPROCESSOR_DEFINITIONS = (
					"DEBUG=1",
					"$(inherited)",
				);
				GCC_SYMBOLS_PRIVATE_EXTERN = NO;
				GCC_WARN_ABOUT_RETURN_TYPE = YES;
				GCC_WARN_UNINITIALIZED_AUTOS = YES;
				GCC_WARN_UNUSED_VARIABLE = YES;
				IPHONEOS_DEPLOYMENT_TARGET = 6.1;
				ONLY_ACTIVE_ARCH = YES;
				SDKROOT = iphoneos;
			};
			name = Debug;
		};
		7994177517CC4042005CAD22 /* Release */ = {
			isa = XCBuildConfiguration;
			buildSettings = {
				ALWAYS_SEARCH_USER_PATHS = NO;
				CLANG_CXX_LANGUAGE_STANDARD = "gnu++0x";
				CLANG_CXX_LIBRARY = "libc++";
				CLANG_ENABLE_OBJC_ARC = YES;
				CLANG_WARN_CONSTANT_CONVERSION = YES;
				CLANG_WARN_EMPTY_BODY = YES;
				CLANG_WARN_ENUM_CONVERSION = YES;
				CLANG_WARN_INT_CONVERSION = YES;
				CLANG_WARN__DUPLICATE_METHOD_MATCH = YES;
				"CODE_SIGN_IDENTITY[sdk=iphoneos*]" = "iPhone Developer";
				COPY_PHASE_STRIP = YES;
				GCC_C_LANGUAGE_STANDARD = gnu99;
				GCC_WARN_ABOUT_RETURN_TYPE = YES;
				GCC_WARN_UNINITIALIZED_AUTOS = YES;
				GCC_WARN_UNUSED_VARIABLE = YES;
				IPHONEOS_DEPLOYMENT_TARGET = 6.1;
				OTHER_CFLAGS = "-DNS_BLOCK_ASSERTIONS=1";
				SDKROOT = iphoneos;
				VALIDATE_PRODUCT = YES;
			};
			name = Release;
		};
		7994177717CC4042005CAD22 /* Debug */ = {
			isa = XCBuildConfiguration;
			buildSettings = {
				GCC_PRECOMPILE_PREFIX_HEADER = YES;
				GCC_PREFIX_HEADER = "FullScreenWebView/FullScreenWebView-Prefix.pch";
				INFOPLIST_FILE = "FullScreenWebView/FullScreenWebView-Info.plist";
				PRODUCT_NAME = "$(TARGET_NAME)";
				WRAPPER_EXTENSION = app;
			};
			name = Debug;
		};
		7994177817CC4042005CAD22 /* Release */ = {
			isa = XCBuildConfiguration;
			buildSettings = {
				GCC_PRECOMPILE_PREFIX_HEADER = YES;
				GCC_PREFIX_HEADER = "FullScreenWebView/FullScreenWebView-Prefix.pch";
				INFOPLIST_FILE = "FullScreenWebView/FullScreenWebView-Info.plist";
				PRODUCT_NAME = "$(TARGET_NAME)";
				WRAPPER_EXTENSION = app;
			};
			name = Release;
		};
/* End XCBuildConfiguration section */

/* Begin XCConfigurationList section */
		7994175417CC4042005CAD22 /* Build configuration list for PBXProject "FullScreenWebView" */ = {
			isa = XCConfigurationList;
			buildConfigurations = (
				7994177417CC4042005CAD22 /* Debug */,
				7994177517CC4042005CAD22 /* Release */,
			);
			defaultConfigurationIsVisible = 0;
			defaultConfigurationName = Release;
		};
		7994177617CC4042005CAD22 /* Build configuration list for PBXNativeTarget "FullScreenWebView" */ = {
			isa = XCConfigurationList;
			buildConfigurations = (
				7994177717CC4042005CAD22 /* Debug */,
				7994177817CC4042005CAD22 /* Release */,
			);
			defaultConfigurationIsVisible = 0;
			defaultConfigurationName = Release;
		};
/* End XCConfigurationList section */
	};
	rootObject = 7994175117CC4042005CAD22 /* Project object */;
}
